// !$*UTF8*$!
{
	archiveVersion = 1;
	classes = {
	};
	objectVersion = 56;
	objects = {

/* Begin PBXBuildFile section */
		CC96D2B129F9363D00F96D84 /* Firebase_TestApp.swift in Sources */ = {isa = PBXBuildFile; fileRef = CC96D2B029F9363D00F96D84 /* Firebase_TestApp.swift */; };
		CC96D2B329F9363D00F96D84 /* ContentView.swift in Sources */ = {isa = PBXBuildFile; fileRef = CC96D2B229F9363D00F96D84 /* ContentView.swift */; };
		CC96D2B529F9364400F96D84 /* Assets.xcassets in Resources */ = {isa = PBXBuildFile; fileRef = CC96D2B429F9364400F96D84 /* Assets.xcassets */; };
		CC96D2B829F9364400F96D84 /* Preview Assets.xcassets in Resources */ = {isa = PBXBuildFile; fileRef = CC96D2B729F9364400F96D84 /* Preview Assets.xcassets */; };
		CCA280862A08C73B006F3375 /* GoogleService-Info.plist in Resources */ = {isa = PBXBuildFile; fileRef = CCA280852A08C73A006F3375 /* GoogleService-Info.plist */; };
		CCA280892A08CD82006F3375 /* FirebaseAuth in Frameworks */ = {isa = PBXBuildFile; productRef = CCA280882A08CD82006F3375 /* FirebaseAuth */; };
		CCEC5AD62A0CCEE600035154 /* Contact.swift in Sources */ = {isa = PBXBuildFile; fileRef = CCEC5AD52A0CCEE600035154 /* Contact.swift */; };
		CCEC5ADA2A0CD05500035154 /* ContactViewModel.swift in Sources */ = {isa = PBXBuildFile; fileRef = CCEC5AD92A0CD05500035154 /* ContactViewModel.swift */; };
/* End PBXBuildFile section */

/* Begin PBXFileReference section */
		CC96D2AD29F9363D00F96D84 /* Firebase_Test.app */ = {isa = PBXFileReference; explicitFileType = wrapper.application; includeInIndex = 0; path = Firebase_Test.app; sourceTree = BUILT_PRODUCTS_DIR; };
		CC96D2B029F9363D00F96D84 /* Firebase_TestApp.swift */ = {isa = PBXFileReference; lastKnownFileType = sourcecode.swift; path = Firebase_TestApp.swift; sourceTree = "<group>"; };
		CC96D2B229F9363D00F96D84 /* ContentView.swift */ = {isa = PBXFileReference; lastKnownFileType = sourcecode.swift; path = ContentView.swift; sourceTree = "<group>"; };
		CC96D2B429F9364400F96D84 /* Assets.xcassets */ = {isa = PBXFileReference; lastKnownFileType = folder.assetcatalog; path = Assets.xcassets; sourceTree = "<group>"; };
		CC96D2B729F9364400F96D84 /* Preview Assets.xcassets */ = {isa = PBXFileReference; lastKnownFileType = folder.assetcatalog; path = "Preview Assets.xcassets"; sourceTree = "<group>"; };
		CCA280852A08C73A006F3375 /* GoogleService-Info.plist */ = {isa = PBXFileReference; fileEncoding = 4; lastKnownFileType = text.plist.xml; path = "GoogleService-Info.plist"; sourceTree = "<group>"; };
		CCEC5AD52A0CCEE600035154 /* Contact.swift */ = {isa = PBXFileReference; lastKnownFileType = sourcecode.swift; path = Contact.swift; sourceTree = "<group>"; };
		CCEC5AD92A0CD05500035154 /* ContactViewModel.swift */ = {isa = PBXFileReference; lastKnownFileType = sourcecode.swift; path = ContactViewModel.swift; sourceTree = "<group>"; };
/* End PBXFileReference section */

/* Begin PBXFrameworksBuildPhase section */
		CC96D2AA29F9363D00F96D84 /* Frameworks */ = {
			isa = PBXFrameworksBuildPhase;
			buildActionMask = 2147483647;
			files = (
				CCA280892A08CD82006F3375 /* FirebaseAuth in Frameworks */,
			);
			runOnlyForDeploymentPostprocessing = 0;
		};
/* End PBXFrameworksBuildPhase section */

/* Begin PBXGroup section */
		CC96D2A429F9363D00F96D84 = {
			isa = PBXGroup;
			children = (
				CCA280852A08C73A006F3375 /* GoogleService-Info.plist */,
				CC96D2AF29F9363D00F96D84 /* Firebase_Test */,
				CC96D2AE29F9363D00F96D84 /* Products */,
				CCA280872A08CD82006F3375 /* Frameworks */,
			);
			sourceTree = "<group>";
		};
		CC96D2AE29F9363D00F96D84 /* Products */ = {
			isa = PBXGroup;
			children = (
				CC96D2AD29F9363D00F96D84 /* Firebase_Test.app */,
			);
			name = Products;
			sourceTree = "<group>";
		};
		CC96D2AF29F9363D00F96D84 /* Firebase_Test */ = {
			isa = PBXGroup;
			children = (
				CCEC5AD82A0CD00D00035154 /* ViewModel */,
				CC96D2B029F9363D00F96D84 /* Firebase_TestApp.swift */,
				CC96D2B229F9363D00F96D84 /* ContentView.swift */,
				CC96D2B429F9364400F96D84 /* Assets.xcassets */,
				CC96D2B629F9364400F96D84 /* Preview Content */,
				CCEC5AD72A0CCFFE00035154 /* Model */,
			);
			path = Firebase_Test;
			sourceTree = "<group>";
		};
		CC96D2B629F9364400F96D84 /* Preview Content */ = {
			isa = PBXGroup;
			children = (
				CC96D2B729F9364400F96D84 /* Preview Assets.xcassets */,
			);
			path = "Preview Content";
			sourceTree = "<group>";
		};
		CCA280872A08CD82006F3375 /* Frameworks */ = {
			isa = PBXGroup;
			children = (
			);
			name = Frameworks;
			sourceTree = "<group>";
		};
		CCEC5AD72A0CCFFE00035154 /* Model */ = {
			isa = PBXGroup;
			children = (
				CCEC5AD52A0CCEE600035154 /* Contact.swift */,
			);
			path = Model;
			sourceTree = "<group>";
		};
		CCEC5AD82A0CD00D00035154 /* ViewModel */ = {
			isa = PBXGroup;
			children = (
				CCEC5AD92A0CD05500035154 /* ContactViewModel.swift */,
			);
			path = ViewModel;
			sourceTree = "<group>";
		};
/* End PBXGroup section */

/* Begin PBXNativeTarget section */
		CC96D2AC29F9363D00F96D84 /* Firebase_Test */ = {
			isa = PBXNativeTarget;
			buildConfigurationList = CC96D2BB29F9364400F96D84 /* Build configuration list for PBXNativeTarget "Firebase_Test" */;
			buildPhases = (
				CC96D2A929F9363D00F96D84 /* Sources */,
				CC96D2AA29F9363D00F96D84 /* Frameworks */,
				CC96D2AB29F9363D00F96D84 /* Resources */,
			);
			buildRules = (
			);
			dependencies = (
			);
			name = Firebase_Test;
			packageProductDependencies = (
				CCA280882A08CD82006F3375 /* FirebaseAuth */,
			);
			productName = Firebase_Test;
			productReference = CC96D2AD29F9363D00F96D84 /* Firebase_Test.app */;
			productType = "com.apple.product-type.application";
		};
/* End PBXNativeTarget section */

/* Begin PBXProject section */
		CC96D2A529F9363D00F96D84 /* Project object */ = {
			isa = PBXProject;
			attributes = {
				BuildIndependentTargetsInParallel = 1;
				LastSwiftUpdateCheck = 1420;
				LastUpgradeCheck = 1420;
				TargetAttributes = {
					CC96D2AC29F9363D00F96D84 = {
						CreatedOnToolsVersion = 14.2;
					};
				};
			};
			buildConfigurationList = CC96D2A829F9363D00F96D84 /* Build configuration list for PBXProject "Firebase_Test" */;
			compatibilityVersion = "Xcode 14.0";
			developmentRegion = en;
			hasScannedForEncodings = 0;
			knownRegions = (
				en,
				Base,
			);
			mainGroup = CC96D2A429F9363D00F96D84;
			packageReferences = (
				CCFC1B012A08BC9100CB3157 /* XCRemoteSwiftPackageReference "firebase-ios-sdk" */,
			);
			productRefGroup = CC96D2AE29F9363D00F96D84 /* Products */;
			projectDirPath = "";
			projectRoot = "";
			targets = (
				CC96D2AC29F9363D00F96D84 /* Firebase_Test */,
			);
		};
/* End PBXProject section */

/* Begin PBXResourcesBuildPhase section */
		CC96D2AB29F9363D00F96D84 /* Resources */ = {
			isa = PBXResourcesBuildPhase;
			buildActionMask = 2147483647;
			files = (
				CC96D2B829F9364400F96D84 /* Preview Assets.xcassets in Resources */,
				CCA280862A08C73B006F3375 /* GoogleService-Info.plist in Resources */,
				CC96D2B529F9364400F96D84 /* Assets.xcassets in Resources */,
			);
			runOnlyForDeploymentPostprocessing = 0;
		};
/* End PBXResourcesBuildPhase section */

/* Begin PBXSourcesBuildPhase section */
		CC96D2A929F9363D00F96D84 /* Sources */ = {
			isa = PBXSourcesBuildPhase;
			buildActionMask = 2147483647;
			files = (
				CCEC5AD62A0CCEE600035154 /* Contact.swift in Sources */,
				CCEC5ADA2A0CD05500035154 /* ContactViewModel.swift in Sources */,
				CC96D2B329F9363D00F96D84 /* ContentView.swift in Sources */,
				CC96D2B129F9363D00F96D84 /* Firebase_TestApp.swift in Sources */,
			);
			runOnlyForDeploymentPostprocessing = 0;
		};
/* End PBXSourcesBuildPhase section */

/* Begin XCBuildConfiguration section */
		CC96D2B929F9364400F96D84 /* Debug */ = {
			isa = XCBuildConfiguration;
			buildSettings = {
				ALWAYS_SEARCH_USER_PATHS = NO;
				CLANG_ANALYZER_NONNULL = YES;
				CLANG_ANALYZER_NUMBER_OBJECT_CONVERSION = YES_AGGRESSIVE;
				CLANG_CXX_LANGUAGE_STANDARD = "gnu++20";
				CLANG_ENABLE_MODULES = YES;
				CLANG_ENABLE_OBJC_ARC = YES;
				CLANG_ENABLE_OBJC_WEAK = YES;
				CLANG_WARN_BLOCK_CAPTURE_AUTORELEASING = YES;
				CLANG_WARN_BOOL_CONVERSION = YES;
				CLANG_WARN_COMMA = YES;
				CLANG_WARN_CONSTANT_CONVERSION = YES;
				CLANG_WARN_DEPRECATED_OBJC_IMPLEMENTATIONS = YES;
				CLANG_WARN_DIRECT_OBJC_ISA_USAGE = YES_ERROR;
				CLANG_WARN_DOCUMENTATION_COMMENTS = YES;
				CLANG_WARN_EMPTY_BODY = YES;
				CLANG_WARN_ENUM_CONVERSION = YES;
				CLANG_WARN_INFINITE_RECURSION = YES;
				CLANG_WARN_INT_CONVERSION = YES;
				CLANG_WARN_NON_LITERAL_NULL_CONVERSION = YES;
				CLANG_WARN_OBJC_IMPLICIT_RETAIN_SELF = YES;
				CLANG_WARN_OBJC_LITERAL_CONVERSION = YES;
				CLANG_WARN_OBJC_ROOT_CLASS = YES_ERROR;
				CLANG_WARN_QUOTED_INCLUDE_IN_FRAMEWORK_HEADER = YES;
				CLANG_WARN_RANGE_LOOP_ANALYSIS = YES;
				CLANG_WARN_STRICT_PROTOTYPES = YES;
				CLANG_WARN_SUSPICIOUS_MOVE = YES;
				CLANG_WARN_UNGUARDED_AVAILABILITY = YES_AGGRESSIVE;
				CLANG_WARN_UNREACHABLE_CODE = YES;
				CLANG_WARN__DUPLICATE_METHOD_MATCH = YES;
				COPY_PHASE_STRIP = NO;
				DEBUG_INFORMATION_FORMAT = dwarf;
				ENABLE_STRICT_OBJC_MSGSEND = YES;
				ENABLE_TESTABILITY = YES;
				GCC_C_LANGUAGE_STANDARD = gnu11;
				GCC_DYNAMIC_NO_PIC = NO;
				GCC_NO_COMMON_BLOCKS = YES;
				GCC_OPTIMIZATION_LEVEL = 0;
				GCC_PREPROCESSOR_DEFINITIONS = (
					"DEBUG=1",
					"$(inherited)",
				);
				GCC_WARN_64_TO_32_BIT_CONVERSION = YES;
				GCC_WARN_ABOUT_RETURN_TYPE = YES_ERROR;
				GCC_WARN_UNDECLARED_SELECTOR = YES;
				GCC_WARN_UNINITIALIZED_AUTOS = YES_AGGRESSIVE;
				GCC_WARN_UNUSED_FUNCTION = YES;
				GCC_WARN_UNUSED_VARIABLE = YES;
				IPHONEOS_DEPLOYMENT_TARGET = 16.2;
				MTL_ENABLE_DEBUG_INFO = INCLUDE_SOURCE;
				MTL_FAST_MATH = YES;
				ONLY_ACTIVE_ARCH = YES;
				SDKROOT = iphoneos;
				SWIFT_ACTIVE_COMPILATION_CONDITIONS = DEBUG;
				SWIFT_OPTIMIZATION_LEVEL = "-Onone";
			};
			name = Debug;
		};
		CC96D2BA29F9364400F96D84 /* Release */ = {
			isa = XCBuildConfiguration;
			buildSettings = {
				ALWAYS_SEARCH_USER_PATHS = NO;
				CLANG_ANALYZER_NONNULL = YES;
				CLANG_ANALYZER_NUMBER_OBJECT_CONVERSION = YES_AGGRESSIVE;
				CLANG_CXX_LANGUAGE_STANDARD = "gnu++20";
				CLANG_ENABLE_MODULES = YES;
				CLANG_ENABLE_OBJC_ARC = YES;
				CLANG_ENABLE_OBJC_WEAK = YES;
				CLANG_WARN_BLOCK_CAPTURE_AUTORELEASING = YES;
				CLANG_WARN_BOOL_CONVERSION = YES;
				CLANG_WARN_COMMA = YES;
				CLANG_WARN_CONSTANT_CONVERSION = YES;
				CLANG_WARN_DEPRECATED_OBJC_IMPLEMENTATIONS = YES;
				CLANG_WARN_DIRECT_OBJC_ISA_USAGE = YES_ERROR;
				CLANG_WARN_DOCUMENTATION_COMMENTS = YES;
				CLANG_WARN_EMPTY_BODY = YES;
				CLANG_WARN_ENUM_CONVERSION = YES;
				CLANG_WARN_INFINITE_RECURSION = YES;
				CLANG_WARN_INT_CONVERSION = YES;
				CLANG_WARN_NON_LITERAL_NULL_CONVERSION = YES;
				CLANG_WARN_OBJC_IMPLICIT_RETAIN_SELF = YES;
				CLANG_WARN_OBJC_LITERAL_CONVERSION = YES;
				CLANG_WARN_OBJC_ROOT_CLASS = YES_ERROR;
				CLANG_WARN_QUOTED_INCLUDE_IN_FRAMEWORK_HEADER = YES;
				CLANG_WARN_RANGE_LOOP_ANALYSIS = YES;
				CLANG_WARN_STRICT_PROTOTYPES = YES;
				CLANG_WARN_SUSPICIOUS_MOVE = YES;
				CLANG_WARN_UNGUARDED_AVAILABILITY = YES_AGGRESSIVE;
				CLANG_WARN_UNREACHABLE_CODE = YES;
				CLANG_WARN__DUPLICATE_METHOD_MATCH = YES;
				COPY_PHASE_STRIP = NO;
				DEBUG_INFORMATION_FORMAT = "dwarf-with-dsym";
				ENABLE_NS_ASSERTIONS = NO;
				ENABLE_STRICT_OBJC_MSGSEND = YES;
				GCC_C_LANGUAGE_STANDARD = gnu11;
				GCC_NO_COMMON_BLOCKS = YES;
				GCC_WARN_64_TO_32_BIT_CONVERSION = YES;
				GCC_WARN_ABOUT_RETURN_TYPE = YES_ERROR;
				GCC_WARN_UNDECLARED_SELECTOR = YES;
				GCC_WARN_UNINITIALIZED_AUTOS = YES_AGGRESSIVE;
				GCC_WARN_UNUSED_FUNCTION = YES;
				GCC_WARN_UNUSED_VARIABLE = YES;
				IPHONEOS_DEPLOYMENT_TARGET = 16.2;
				MTL_ENABLE_DEBUG_INFO = NO;
				MTL_FAST_MATH = YES;
				SDKROOT = iphoneos;
				SWIFT_COMPILATION_MODE = wholemodule;
				SWIFT_OPTIMIZATION_LEVEL = "-O";
				VALIDATE_PRODUCT = YES;
			};
			name = Release;
		};
		CC96D2BC29F9364400F96D84 /* Debug */ = {
			isa = XCBuildConfiguration;
			buildSettings = {
				ASSETCATALOG_COMPILER_APPICON_NAME = AppIcon;
				ASSETCATALOG_COMPILER_GLOBAL_ACCENT_COLOR_NAME = AccentColor;
				CODE_SIGN_STYLE = Automatic;
				CURRENT_PROJECT_VERSION = 1;
				DEVELOPMENT_ASSET_PATHS = "\"Firebase_Test/Preview Content\"";
				DEVELOPMENT_TEAM = K7G887M8LC;
				ENABLE_PREVIEWS = YES;
				GENERATE_INFOPLIST_FILE = YES;
				INFOPLIST_KEY_UIApplicationSceneManifest_Generation = YES;
				INFOPLIST_KEY_UIApplicationSupportsIndirectInputEvents = YES;
				INFOPLIST_KEY_UILaunchScreen_Generation = YES;
				INFOPLIST_KEY_UISupportedInterfaceOrientations_iPad = "UIInterfaceOrientationPortrait UIInterfaceOrientationPortraitUpsideDown UIInterfaceOrientationLandscapeLeft UIInterfaceOrientationLandscapeRight";
				INFOPLIST_KEY_UISupportedInterfaceOrientations_iPhone = "UIInterfaceOrientationPortrait UIInterfaceOrientationLandscapeLeft UIInterfaceOrientationLandscapeRight";
				LD_RUNPATH_SEARCH_PATHS = (
					"$(inherited)",
					"@executable_path/Frameworks",
				);
				MARKETING_VERSION = 1.0;
				PRODUCT_BUNDLE_IDENTIFIER = "com.yusrilFirebase.Firebase-Test";
				PRODUCT_NAME = "$(TARGET_NAME)";
				SWIFT_EMIT_LOC_STRINGS = YES;
				SWIFT_VERSION = 5.0;
				TARGETED_DEVICE_FAMILY = "1,2";
			};
			name = Debug;
		};
		CC96D2BD29F9364400F96D84 /* Release */ = {
			isa = XCBuildConfiguration;
			buildSettings = {
				ASSETCATALOG_COMPILER_APPICON_NAME = AppIcon;
				ASSETCATALOG_COMPILER_GLOBAL_ACCENT_COLOR_NAME = AccentColor;
				CODE_SIGN_STYLE = Automatic;
				CURRENT_PROJECT_VERSION = 1;
				DEVELOPMENT_ASSET_PATHS = "\"Firebase_Test/Preview Content\"";
				DEVELOPMENT_TEAM = K7G887M8LC;
				ENABLE_PREVIEWS = YES;
				GENERATE_INFOPLIST_FILE = YES;
				INFOPLIST_KEY_UIApplicationSceneManifest_Generation = YES;
				INFOPLIST_KEY_UIApplicationSupportsIndirectInputEvents = YES;
				INFOPLIST_KEY_UILaunchScreen_Generation = YES;
				INFOPLIST_KEY_UISupportedInterfaceOrientations_iPad = "UIInterfaceOrientationPortrait UIInterfaceOrientationPortraitUpsideDown UIInterfaceOrientationLandscapeLeft UIInterfaceOrientationLandscapeRight";
				INFOPLIST_KEY_UISupportedInterfaceOrientations_iPhone = "UIInterfaceOrientationPortrait UIInterfaceOrientationLandscapeLeft UIInterfaceOrientationLandscapeRight";
				LD_RUNPATH_SEARCH_PATHS = (
					"$(inherited)",
					"@executable_path/Frameworks",
				);
				MARKETING_VERSION = 1.0;
				PRODUCT_BUNDLE_IDENTIFIER = "com.yusrilFirebase.Firebase-Test";
				PRODUCT_NAME = "$(TARGET_NAME)";
				SWIFT_EMIT_LOC_STRINGS = YES;
				SWIFT_VERSION = 5.0;
				TARGETED_DEVICE_FAMILY = "1,2";
			};
			name = Release;
		};
/* End XCBuildConfiguration section */

/* Begin XCConfigurationList section */
		CC96D2A829F9363D00F96D84 /* Build configuration list for PBXProject "Firebase_Test" */ = {
			isa = XCConfigurationList;
			buildConfigurations = (
				CC96D2B929F9364400F96D84 /* Debug */,
				CC96D2BA29F9364400F96D84 /* Release */,
			);
			defaultConfigurationIsVisible = 0;
			defaultConfigurationName = Release;
		};
		CC96D2BB29F9364400F96D84 /* Build configuration list for PBXNativeTarget "Firebase_Test" */ = {
			isa = XCConfigurationList;
			buildConfigurations = (
				CC96D2BC29F9364400F96D84 /* Debug */,
				CC96D2BD29F9364400F96D84 /* Release */,
			);
			defaultConfigurationIsVisible = 0;
			defaultConfigurationName = Release;
		};
/* End XCConfigurationList section */

/* Begin XCRemoteSwiftPackageReference section */
		CCFC1B012A08BC9100CB3157 /* XCRemoteSwiftPackageReference "firebase-ios-sdk" */ = {
			isa = XCRemoteSwiftPackageReference;
			repositoryURL = "https://github.com/firebase/firebase-ios-sdk.git";
			requirement = {
				branch = master;
				kind = branch;
			};
		};
/* End XCRemoteSwiftPackageReference section */

/* Begin XCSwiftPackageProductDependency section */
		CCA280882A08CD82006F3375 /* FirebaseAuth */ = {
			isa = XCSwiftPackageProductDependency;
			package = CCFC1B012A08BC9100CB3157 /* XCRemoteSwiftPackageReference "firebase-ios-sdk" */;
			productName = FirebaseAuth;
		};
/* End XCSwiftPackageProductDependency section */
	};
	rootObject = CC96D2A529F9363D00F96D84 /* Project object */;
}
